
Microsoft Visual Studio Solution File, Format Version 12.00
# Visual Studio Version 17
VisualStudioVersion = 17.3.32804.467
MinimumVisualStudioVersion = 10.0.40219.1
Project("{9A19103F-16F7-4668-BE54-9A1E7A4F7556}") = "Wallet.Server", "Wallet.Server\Wallet.Server.csproj", "{21CF151B-CE67-4E80-A0EC-0F1A915700E5}"
EndProject
Project("{9A19103F-16F7-4668-BE54-9A1E7A4F7556}") = "Wallet", "Wallet\Wallet.csproj", "{BB9BEA96-7EAB-4E20-ACB6-E2CF0A2AFAA3}"
EndProject
Project("{9A19103F-16F7-4668-BE54-9A1E7A4F7556}") = "Wallet.Test", "Wallet.Test\Wallet.Test.csproj", "{D1E27BC1-C476-42C6-9180-ACB132124984}"
EndProject
Project("{FAE04EC0-301F-11D3-BF4B-00C04F79EFBC}") = "Wallet.Api", "Wallet.Api\Wallet.Api.csproj", "{4F0EDCC4-528C-449C-B6CE-3FA21E649200}"
EndProject
Global
	GlobalSection(SolutionConfigurationPlatforms) = preSolution
		Debug|Any CPU = Debug|Any CPU
		Release|Any CPU = Release|Any CPU
	EndGlobalSection
	GlobalSection(ProjectConfigurationPlatforms) = postSolution
		{21CF151B-CE67-4E80-A0EC-0F1A915700E5}.Debug|Any CPU.ActiveCfg = Debug|Any CPU
		{21CF151B-CE67-4E80-A0EC-0F1A915700E5}.Debug|Any CPU.Build.0 = Debug|Any CPU
		{21CF151B-CE67-4E80-A0EC-0F1A915700E5}.Release|Any CPU.ActiveCfg = Release|Any CPU
		{21CF151B-CE67-4E80-A0EC-0F1A915700E5}.Release|Any CPU.Build.0 = Release|Any CPU
		{BB9BEA96-7EAB-4E20-ACB6-E2CF0A2AFAA3}.Debug|Any CPU.ActiveCfg = Debug|Any CPU
		{BB9BEA96-7EAB-4E20-ACB6-E2CF0A2AFAA3}.Debug|Any CPU.Build.0 = Debug|Any CPU
		{BB9BEA96-7EAB-4E20-ACB6-E2CF0A2AFAA3}.Release|Any CPU.ActiveCfg = Release|Any CPU
		{BB9BEA96-7EAB-4E20-ACB6-E2CF0A2AFAA3}.Release|Any CPU.Build.0 = Release|Any CPU
		{D1E27BC1-C476-42C6-9180-ACB132124984}.Debug|Any CPU.ActiveCfg = Debug|Any CPU
		{D1E27BC1-C476-42C6-9180-ACB132124984}.Debug|Any CPU.Build.0 = Debug|Any CPU
		{D1E27BC1-C476-42C6-9180-ACB132124984}.Release|Any CPU.ActiveCfg = Release|Any CPU
		{D1E27BC1-C476-42C6-9180-ACB132124984}.Release|Any CPU.Build.0 = Release|Any CPU
		{4F0EDCC4-528C-449C-B6CE-3FA21E649200}.Debug|Any CPU.ActiveCfg = Debug|Any CPU
		{4F0EDCC4-528C-449C-B6CE-3FA21E649200}.Debug|Any CPU.Build.0 = Debug|Any CPU
		{4F0EDCC4-528C-449C-B6CE-3FA21E649200}.Release|Any CPU.ActiveCfg = Release|Any CPU
		{4F0EDCC4-528C-449C-B6CE-3FA21E649200}.Release|Any CPU.Build.0 = Release|Any CPU
	EndGlobalSection
	GlobalSection(SolutionProperties) = preSolution
		HideSolutionNode = FALSE
	EndGlobalSection
	GlobalSection(ExtensibilityGlobals) = postSolution
		SolutionGuid = {D783B2B8-C8AB-43DF-B069-04102998FE47}
	EndGlobalSection
EndGlobal
